{
  "originHash" : "f4f7d3cf8a9b399aa8b2b874b722361c2f6b6ca43f7c3a836dce57b3048ed7f9",
  "pins" : [
    {
      "identity" : "biometricauthkit",
      "kind" : "remoteSourceControl",
      "location" : "https://github.com/kaVish2214/BiometricAuthKit",
      "state" : {
        "branch" : "main",
        "revision" : "2eb87840d0f1108ea08859a10015685b29711cf9"
      }
    },
    {
      "identity" : "factory",
      "kind" : "remoteSourceControl",
      "location" : "https://github.com/hmlongco/Factory",
      "state" : {
        "revision" : "ccc898f21992ebc130bc04cc197460a5ae230bcf",
        "version" : "2.5.3"
      }
    },
    {
      "identity" : "utilitykit",
      "kind" : "remoteSourceControl",
      "location" : "https://github.com/kaVish2214/UtilityKit",
      "state" : {
        "branch" : "main",
        "revision" : "a7653a6be37be385f3462b5b3c1c8e2e3be15237"
      }
    }
  ],
  "version" : 3
}
