{
  "originHash" : "7d786d9d7af8948ee3f218040a8716424b1b93a503b81f5d4ace99221d11d987",
  "pins" : [
    {
      "identity" : "biometricauthkit",
      "kind" : "remoteSourceControl",
      "location" : "https://github.com/kaVish2214/BiometricAuthKit",
      "state" : {
        "branch" : "main",
        "revision" : "8e492f27ce8ef698c83204ed3910c1f2723d89fc"
      }
    },
    {
      "identity" : "utilitykit",
      "kind" : "remoteSourceControl",
      "location" : "https://github.com/kaVish2214/UtilityKit",
      "state" : {
        "branch" : "main",
        "revision" : "1da924ba3b4924e9ad2492727e7613dcef6d3a71"
      }
    }
  ],
  "version" : 3
}
